
Microsoft Visual Studio Solution File, Format Version 12.00
# Visual Studio Version 16
VisualStudioVersion = 16.0.28922.388
MinimumVisualStudioVersion = 10.0.40219.1
Project("{159641D6-6404-4A2A-AE62-294DE0FE8301}") = "SsisSample", "SsisSample\SsisSample.dtproj", "{CE85071A-3EF5-4B03-8182-C6861773866E}"
EndProject
Project("{FAE04EC0-301F-11D3-BF4B-00C04F79EFBC}") = "SsisSample.Tests", "SsisSample.Tests\SsisSample.Tests.csproj", "{9E4A5008-E9DD-4210-9769-345CCCEC6433}"
EndProject
Project("{FAE04EC0-301F-11D3-BF4B-00C04F79EFBC}") = "WideWorldImporters.Tests", "WideWorldImporters.Tests\WideWorldImporters.Tests.csproj", "{B7F7FD60-5FE5-4D90-BCF7-EBACF7DBC371}"
EndProject
Project("{FAE04EC0-301F-11D3-BF4B-00C04F79EFBC}") = "SsasTabularSample.Tests", "SsasTabularSample.Tests\SsasTabularSample.Tests.csproj", "{8DD4365B-247E-4B66-8FDE-AF471543098F}"
EndProject
Project("{2150E333-8FDC-42A3-9474-1A3956D46DE8}") = "Solution Items", "Solution Items", "{9646C9BC-80AD-4809-95AE-03ACC6F0BC3F}"
	ProjectSection(SolutionItems) = preProject
		RuntimeSettings\TokenReplacement.ps1 = RuntimeSettings\TokenReplacement.ps1
		RuntimeSettings\WideWorldImporters.Tests.runtimeSettings = RuntimeSettings\WideWorldImporters.Tests.runtimeSettings
	EndProjectSection
EndProject
Global
	GlobalSection(SolutionConfigurationPlatforms) = preSolution
		Debug|Any CPU = Debug|Any CPU
		Development|Any CPU = Development|Any CPU
		Release|Any CPU = Release|Any CPU
	EndGlobalSection
	GlobalSection(ProjectConfigurationPlatforms) = postSolution
		{CE85071A-3EF5-4B03-8182-C6861773866E}.Debug|Any CPU.ActiveCfg = Development
		{CE85071A-3EF5-4B03-8182-C6861773866E}.Debug|Any CPU.Build.0 = Development
		{CE85071A-3EF5-4B03-8182-C6861773866E}.Development|Any CPU.ActiveCfg = Development
		{CE85071A-3EF5-4B03-8182-C6861773866E}.Development|Any CPU.Build.0 = Development
		{CE85071A-3EF5-4B03-8182-C6861773866E}.Release|Any CPU.ActiveCfg = Development
		{CE85071A-3EF5-4B03-8182-C6861773866E}.Release|Any CPU.Build.0 = Development
		{9E4A5008-E9DD-4210-9769-345CCCEC6433}.Debug|Any CPU.ActiveCfg = Debug|Any CPU
		{9E4A5008-E9DD-4210-9769-345CCCEC6433}.Debug|Any CPU.Build.0 = Debug|Any CPU
		{9E4A5008-E9DD-4210-9769-345CCCEC6433}.Development|Any CPU.ActiveCfg = Debug|Any CPU
		{9E4A5008-E9DD-4210-9769-345CCCEC6433}.Development|Any CPU.Build.0 = Debug|Any CPU
		{9E4A5008-E9DD-4210-9769-345CCCEC6433}.Release|Any CPU.ActiveCfg = Release|Any CPU
		{9E4A5008-E9DD-4210-9769-345CCCEC6433}.Release|Any CPU.Build.0 = Release|Any CPU
		{B7F7FD60-5FE5-4D90-BCF7-EBACF7DBC371}.Debug|Any CPU.ActiveCfg = Debug|Any CPU
		{B7F7FD60-5FE5-4D90-BCF7-EBACF7DBC371}.Debug|Any CPU.Build.0 = Debug|Any CPU
		{B7F7FD60-5FE5-4D90-BCF7-EBACF7DBC371}.Development|Any CPU.ActiveCfg = Debug|Any CPU
		{B7F7FD60-5FE5-4D90-BCF7-EBACF7DBC371}.Development|Any CPU.Build.0 = Debug|Any CPU
		{B7F7FD60-5FE5-4D90-BCF7-EBACF7DBC371}.Release|Any CPU.ActiveCfg = Release|Any CPU
		{B7F7FD60-5FE5-4D90-BCF7-EBACF7DBC371}.Release|Any CPU.Build.0 = Release|Any CPU
		{8DD4365B-247E-4B66-8FDE-AF471543098F}.Debug|Any CPU.ActiveCfg = Debug|Any CPU
		{8DD4365B-247E-4B66-8FDE-AF471543098F}.Debug|Any CPU.Build.0 = Debug|Any CPU
		{8DD4365B-247E-4B66-8FDE-AF471543098F}.Development|Any CPU.ActiveCfg = Debug|Any CPU
		{8DD4365B-247E-4B66-8FDE-AF471543098F}.Development|Any CPU.Build.0 = Debug|Any CPU
		{8DD4365B-247E-4B66-8FDE-AF471543098F}.Release|Any CPU.ActiveCfg = Release|Any CPU
		{8DD4365B-247E-4B66-8FDE-AF471543098F}.Release|Any CPU.Build.0 = Release|Any CPU
	EndGlobalSection
	GlobalSection(SolutionProperties) = preSolution
		HideSolutionNode = FALSE
	EndGlobalSection
	GlobalSection(ExtensibilityGlobals) = postSolution
		SolutionGuid = {F95ECEE5-721E-4FA4-B6C8-DB6515849B9C}
	EndGlobalSection
EndGlobal
